{
    "_meta": {
        "hash": {
            "sha256": "00facbc97b6487a5930f2ea11832b8f043215cbbba02f606b37340fdc0c4877c"
        },
        "pipfile-spec": 6,
        "requires": {},
        "sources": [
            {
                "name": "pypi",
                "url": "https://pypi.python.org/simple",
                "verify_ssl": true
            }
        ]
    },
    "default": {
        "certifi": {
            "hashes": [
                "sha256:2bbf76fd432960138b3ef6dda3dde0544f27cbf8546c458e60baf371917ba9ee",
                "sha256:50b1e4f8446b06f41be7dd6338db18e0990601dce795c2b1686458aa7e8fa7d8"
            ],
            "version": "==2021.5.30"
        },
        "chardet": {
            "hashes": [
                "sha256:0d6f53a15db4120f2b08c94f11e7d93d2c911ee118b6b30a04ec3ee8310179fa",
                "sha256:f864054d66fd9118f2e67044ac8981a54775ec5b67aed0441892edb553d21da5"
            ],
            "version": "==4.0.0"
        },
        "facebook-sdk": {
            "hashes": [
                "sha256:55b79292de407fb25be06594e0d7bcd36923c75499d5df18ff9da507d0fdb557",
                "sha256:ddbcdd01187374f96e2c0ee574ad592673af49a9f895887bf1b112b9c8298e10"
            ],
            "index": "pypi",
            "version": "==2.0.0"
        },
        "idna": {
            "hashes": [
                "sha256:b307872f855b18632ce0c21c5e45be78c0ea7ae4c15c828c20788b26921eb3f6",
                "sha256:b97d804b1e9b523befed77c48dacec60e6dcb0b5391d57af6a65a312a90648c0"
            ],
            "version": "==2.10"
        },
        "nltk": {
            "hashes": [
                "sha256:2661f9971d983db314bbebd51ba770811a362c6597fd0f303bb1d3beadcb4834"
            ],
            "index": "pypi",
            "version": "==3.2.5"
        },
        "numpy": {
            "hashes": [
                "sha256:09b87d652c03508447d0f618e1d3ae57595acd3e0f0c11ac91bf68ed7bdb3a28",
                "sha256:11fcbed36c101a3b9c4636e791efccba82409ebbedaba938c97be8bdddd029cc",
                "sha256:2875e8055a1ea8d933b1c9d0f8714c0aa11c097bfadfcb8564c4d868fbf09a41",
                "sha256:36ee86d5adbabc4fa2643a073f93d5504bdfed37a149a3a49f4dde259f35a750",
                "sha256:479863de17f66810db00bccf35289555365da45d3b053ccf539b95ab3b9c24f6",
                "sha256:4c767b6d9c9a071bb36ea34eb240ee5192fe0bc4c13be5e6c51e0350a30f7ac0",
                "sha256:539345898a4ae17421c159ae2a350901a5e6ce3da8f24168c6c67b3536e13de8",
                "sha256:62b09f3d1ea01d79c16a6642cb21599f53b9338c59971b2418a573155d2202ec",
                "sha256:6c6feb0647380db6e1d5d49ef9fb59c42240f25fb8df8b6e82ecb436c7e0621a",
                "sha256:7dfa5b49fb2a080bd0d39bfbcff1177bacb14fcb28c857fd65fd0c18938935de",
                "sha256:8969c8f987f8bcc3e30c014532cfc20e4a8f86a50c361596e086310853adacb7",
                "sha256:910e7ae5eeee8d322775187692c5c66719cd58d230fbfd57245ea3cf75716910",
                "sha256:929928932f91082a168e36984179deddd58f8e98822ad2f33a2955d7c4eec596",
                "sha256:9cad35b911e150f00bb8080950c7e9f172714bbd0234f5ab74b4e3e2d9288b37",
                "sha256:b162c6b044960b4ea0f42be049ce2af1d18c60f82748f0a27bd5ad182a731bf3",
                "sha256:b2f98838f4bbc3bf23af7e97ffcad18a2dc6bbb0726796781e02b9347af6685f",
                "sha256:c4b1914d86c43399438518a2ac8bcba2fb64dd5a18efddded3783b9daae70933",
                "sha256:c8dc6aa96882df6323bf9545934e37c6e05959bd789ae4b14d50509b093907aa",
                "sha256:d29e72413b66df23c75b9b469253c823698ea2e00f58e9e0df64b7a50696e8ac",
                "sha256:da2f47e46d7a93b73891d1981378717dc73c6ad5cc4fd23c934bfea7847fa958",
                "sha256:e8e0e75db757e41463888939d26c8058b4ecd25e563c597e9119f512dc0ee1da",
                "sha256:f5c9ca457057cd5e12ddab36cded8b1f38bf1f45bf550d4ca2839b11ec57f597",
                "sha256:fa656dccfa9141774440575a6e7875d08b93f4a332eb5ae40877b26bed291c01"
            ],
            "index": "pypi",
            "version": "==1.13.3"
        },
        "oauthlib": {
            "hashes": [
                "sha256:42bf6354c2ed8c6acb54d971fce6f88193d97297e18602a3a886603f9d7730cc",
                "sha256:8f0215fcc533dd8dd1bee6f4c412d4f0cd7297307d43ac61666389e3bc3198a3"
            ],
            "version": "==3.1.1"
        },
        "pymongo": {
            "hashes": [
                "sha256:01dd4d25dc0fad15db3b384d04ac6cc1f75b56b48afd0a85a8d8207b44b741bb",
                "sha256:18fa5c2ebb23c8f34f30a5c764ada19621a4523f83aeeb8df9fc19ecfe76f838",
                "sha256:1ee151105631724db9616dd2e083d7c28141c3fedc3d71c12bace5466621f785",
                "sha256:20769fd9bc0837e7334ad2c6c06953024b415dbed09fd59d6a61feeb29a6fe30",
                "sha256:2dd5b261b00adffce993dc5ffd0feb94368e1657eb16edeed62ae8fe142ac34e",
                "sha256:456b96c606147cea58f9316092b1ac8a239e891a1e8644a932e8a3c9cafec155",
                "sha256:480addc4e9b87877d0508d64a5f2489448358537e94476f6341538981aef6e8f",
                "sha256:54e5a5e70ca8afe38f517746ace4d20f5d814de16d5734299a18a664feb47a3f",
                "sha256:595b2b780e5b17e95eac1c5a8935a673742186849cd73bde6706b76b7de8d1ef",
                "sha256:59cf6f39042acd8062cc5c685838fb1532bb6424992ac757ceec742452d5a1bc",
                "sha256:634dc6e204f2dedfae18a095790e3baba6b071dbe0660b2b3af0f21ea0215cd4",
                "sha256:63d64859599b3ddc85ae7a211051e12ed956ce1deeaddc2c620fa323b6dfa97f",
                "sha256:66afa84a953e0e59d1f60bb05f25202759b9a606c748ee410b96763152cfd11a",
                "sha256:6de8a60ce357b36bfee923abcea29ede2906fa88cdc426d078e8fbb9b00efaa8",
                "sha256:82498737ef6c1ed6982b819eeac7fc241a581e7ac0eb73bea21bd4888e6e0530",
                "sha256:8c235432ddc354382ef9cce1e852d3c55ade84f661bcb617f2d095476d2927c4",
                "sha256:8c360dba39dce961d1e3b5af048612d17575f62abf889b9ddd74ab52d9026ed9",
                "sha256:914ae20e5f3574135ae270d69bd7e8cfdaacbfc561c47e587dee0dcbada3a3a2",
                "sha256:9162ebfca987ddf1dead8406e9b5bab3a68444b13fdd5aed9eca8bdec01a58f4",
                "sha256:99c794e427ff9cb50d7bd9ec52c4f1b89a8318f37b4ccbefdce446a7f4ec5f7c",
                "sha256:adb7b6cf1bb6908cbe5b2e131e2cc22c707fbf0f9f0f27878494834683b997a2",
                "sha256:b20de0b3b796f2ff2dddf14aba911bc429911583b8bbbaee2976e7fce7a56d56",
                "sha256:c6de26d1e171cdc449745b82f1addbc873d105b8e7335097da991c0fc664a4a8",
                "sha256:d8a81a7d611936931145fa759cfacf99ff755d16e2d336677af439e128613da1",
                "sha256:db739c3323e4b5abd4778a2b3c73b7582c5ceadb40612e0dcc20fbc1abb538a3",
                "sha256:dd93e47651d7a7a63c32d0c8f5d6e6c50d99b7a0f2ef08a4237727d89dac8f4e",
                "sha256:ea876d43fdeefebf8afa18cd647efa7b930eb8a4719ebdb1a8106cc51c446437",
                "sha256:ef1fb8ebbc0a0d1c92f6a2da4602e7ea10863fd546854d168c6638a0976e79fd",
                "sha256:f21caa2aae45ebfc420bc2631acf2c8de0e8384b14565c415c2fae9dc7aacdf9",
                "sha256:f90b14d3c833c3d588066fec3334d5c1648a7cfee4e279dc1e553ec13082559b",
                "sha256:fa1449e2a6cd96dfadf66530ba203fadfbcf54a4724628dac4104fc292b06477"
            ],
            "index": "pypi",
            "version": "==3.6.0"
        },
        "requests": {
            "hashes": [
                "sha256:27973dd4a904a4f13b263a19c866c13b92a39ed1c964655f025f3f8d3d75b804",
                "sha256:c210084e36a42ae6b9219e00e48287def368a26d03a048ddad7bfee44f75871e"
            ],
            "version": "==2.25.1"
        },
        "requests-oauthlib": {
            "hashes": [
                "sha256:7f71572defaecd16372f9006f33c2ec8c077c3cfa6f5911a9a90202beb513f3d",
                "sha256:b4261601a71fd721a8bd6d7aa1cc1d6a8a93b4a9f5e96626f8e4d91e8beeaa6a"
            ],
            "version": "==1.3.0"
        },
        "six": {
            "hashes": [
                "sha256:1e61c37477a1626458e36f7b1d82aa5c9b094fa4802892072e49de9c60c4c926",
                "sha256:8abb2f1d86890a2dfb989f9a77cfcfd3e47c2a354b01111771326f8aa26e0254"
            ],
            "version": "==1.16.0"
        },
        "tweepy": {
            "hashes": [
                "sha256:12449b5ca16b0be6a3ea68fb41992627227b48bbad8cd7d5912039340d36badc",
                "sha256:f00ccf5f48c30d559ce0b750dfe3b2df6668dc799d8ce276fd90bfaa68845a58"
            ],
            "index": "pypi",
            "version": "==3.5.0"
        },
        "urllib3": {
            "hashes": [
                "sha256:753a0374df26658f99d826cfe40394a686d05985786d946fbe4165b5148f5a7c",
                "sha256:a7acd0977125325f516bda9735fa7142b909a8d01e8b2e4c8108d0984e6e0098"
            ],
            "index": "pypi",
            "version": "==1.26.5"
        }
    },
    "develop": {}
}
