{
    "_meta": {
        "hash": {
            "sha256": "00facbc97b6487a5930f2ea11832b8f043215cbbba02f606b37340fdc0c4877c"
        },
        "pipfile-spec": 6,
        "requires": {},
        "sources": [
            {
                "name": "pypi",
                "url": "https://pypi.python.org/simple",
                "verify_ssl": true
            }
        ]
    },
    "default": {
        "certifi": {
            "hashes": [
                "sha256:35824b4c3a97115964b408844d64aa14db1cc518f6562e8d7261699d1350a9e3",
                "sha256:4ad3232f5e926d6718ec31cfc1fcadfde020920e278684144551c91769c7bc18"
            ],
            "index": "pypi",
            "version": "==2022.12.7"
        },
        "charset-normalizer": {
            "hashes": [
                "sha256:5a3d016c7c547f69d6f81fb0db9449ce888b418b5b9952cc5e6e66843e9dd845",
                "sha256:83e9a75d1911279afd89352c68b45348559d1fc0506b054b346651b5e7fee29f"
            ],
            "markers": "python_version >= '3.6'",
            "version": "==2.1.1"
        },
        "facebook-sdk": {
            "hashes": [
                "sha256:55b79292de407fb25be06594e0d7bcd36923c75499d5df18ff9da507d0fdb557",
                "sha256:ddbcdd01187374f96e2c0ee574ad592673af49a9f895887bf1b112b9c8298e10"
            ],
            "index": "pypi",
            "version": "==2.0.0"
        },
        "idna": {
            "hashes": [
                "sha256:814f528e8dead7d329833b91c5faa87d60bf71824cd12a7530b5526063d02cb4",
                "sha256:90b77e79eaa3eba6de819a0c442c0b4ceefc341a7a2ab77d7562bf49f425c5c2"
            ],
            "markers": "python_version >= '3.5'",
            "version": "==3.4"
        },
        "nltk": {
            "hashes": [
                "sha256:2661f9971d983db314bbebd51ba770811a362c6597fd0f303bb1d3beadcb4834",
                "sha256:8a3bad9ff7f67d2828a7915c2fab93e6ca910c2015ef40799e1805fccf2354e5"
            ],
            "index": "pypi",
            "version": "==3.2.5"
        },
        "numpy": {
            "hashes": [
                "sha256:09b87d652c03508447d0f618e1d3ae57595acd3e0f0c11ac91bf68ed7bdb3a28",
                "sha256:11fcbed36c101a3b9c4636e791efccba82409ebbedaba938c97be8bdddd029cc",
                "sha256:2875e8055a1ea8d933b1c9d0f8714c0aa11c097bfadfcb8564c4d868fbf09a41",
                "sha256:36ee86d5adbabc4fa2643a073f93d5504bdfed37a149a3a49f4dde259f35a750",
                "sha256:479863de17f66810db00bccf35289555365da45d3b053ccf539b95ab3b9c24f6",
                "sha256:4c767b6d9c9a071bb36ea34eb240ee5192fe0bc4c13be5e6c51e0350a30f7ac0",
                "sha256:539345898a4ae17421c159ae2a350901a5e6ce3da8f24168c6c67b3536e13de8",
                "sha256:62b09f3d1ea01d79c16a6642cb21599f53b9338c59971b2418a573155d2202ec",
                "sha256:6c6feb0647380db6e1d5d49ef9fb59c42240f25fb8df8b6e82ecb436c7e0621a",
                "sha256:7dfa5b49fb2a080bd0d39bfbcff1177bacb14fcb28c857fd65fd0c18938935de",
                "sha256:8969c8f987f8bcc3e30c014532cfc20e4a8f86a50c361596e086310853adacb7",
                "sha256:910e7ae5eeee8d322775187692c5c66719cd58d230fbfd57245ea3cf75716910",
                "sha256:929928932f91082a168e36984179deddd58f8e98822ad2f33a2955d7c4eec596",
                "sha256:9cad35b911e150f00bb8080950c7e9f172714bbd0234f5ab74b4e3e2d9288b37",
                "sha256:b162c6b044960b4ea0f42be049ce2af1d18c60f82748f0a27bd5ad182a731bf3",
                "sha256:b2f98838f4bbc3bf23af7e97ffcad18a2dc6bbb0726796781e02b9347af6685f",
                "sha256:c4b1914d86c43399438518a2ac8bcba2fb64dd5a18efddded3783b9daae70933",
                "sha256:c8dc6aa96882df6323bf9545934e37c6e05959bd789ae4b14d50509b093907aa",
                "sha256:d29e72413b66df23c75b9b469253c823698ea2e00f58e9e0df64b7a50696e8ac",
                "sha256:da2f47e46d7a93b73891d1981378717dc73c6ad5cc4fd23c934bfea7847fa958",
                "sha256:e8e0e75db757e41463888939d26c8058b4ecd25e563c597e9119f512dc0ee1da",
                "sha256:f5c9ca457057cd5e12ddab36cded8b1f38bf1f45bf550d4ca2839b11ec57f597",
                "sha256:fa656dccfa9141774440575a6e7875d08b93f4a332eb5ae40877b26bed291c01"
            ],
            "index": "pypi",
            "version": "==1.13.3"
        },
        "oauthlib": {
            "hashes": [
                "sha256:8139f29aac13e25d502680e9e19963e83f16838d48a0d71c287fe40e7067fbca",
                "sha256:9859c40929662bec5d64f34d01c99e093149682a3f38915dc0655d5a633dd918"
            ],
            "markers": "python_version >= '3.6'",
            "version": "==3.2.2"
        },
        "pymongo": {
            "hashes": [
                "sha256:01dd4d25dc0fad15db3b384d04ac6cc1f75b56b48afd0a85a8d8207b44b741bb",
                "sha256:02180988dc858739a856e9f77276298c6015e6fa9e87a6ad6362f679b2e5c2bb",
                "sha256:18fa5c2ebb23c8f34f30a5c764ada19621a4523f83aeeb8df9fc19ecfe76f838",
                "sha256:1ee151105631724db9616dd2e083d7c28141c3fedc3d71c12bace5466621f785",
                "sha256:1f865cb1999dce298746c84608ba8f2401e186691f6560a3401d812b3fdba74f",
                "sha256:20769fd9bc0837e7334ad2c6c06953024b415dbed09fd59d6a61feeb29a6fe30",
                "sha256:2dd5b261b00adffce993dc5ffd0feb94368e1657eb16edeed62ae8fe142ac34e",
                "sha256:3ab86827cfc1283300cd050bad185840b150877ad5b324053f7a9455ee6e596f",
                "sha256:3b49f5979e1c4603b19b3805032a1a5abaecbc0f54dc765ba1b663e765711baf",
                "sha256:3cd107632808d1b94da6591f3bf2579ba88333650a6537b7655882487a8caac4",
                "sha256:4568c460343f724e8944078ab165fa54d9e33fdb1867f1e3d1e231f8ca4368a6",
                "sha256:456b96c606147cea58f9316092b1ac8a239e891a1e8644a932e8a3c9cafec155",
                "sha256:480addc4e9b87877d0508d64a5f2489448358537e94476f6341538981aef6e8f",
                "sha256:4a69850e3d5d19e3b97918de5a19f1dacd1c08a0fe8df55221fe47a2ea767931",
                "sha256:54e5a5e70ca8afe38f517746ace4d20f5d814de16d5734299a18a664feb47a3f",
                "sha256:595b2b780e5b17e95eac1c5a8935a673742186849cd73bde6706b76b7de8d1ef",
                "sha256:59cf6f39042acd8062cc5c685838fb1532bb6424992ac757ceec742452d5a1bc",
                "sha256:634dc6e204f2dedfae18a095790e3baba6b071dbe0660b2b3af0f21ea0215cd4",
                "sha256:63d64859599b3ddc85ae7a211051e12ed956ce1deeaddc2c620fa323b6dfa97f",
                "sha256:66afa84a953e0e59d1f60bb05f25202759b9a606c748ee410b96763152cfd11a",
                "sha256:6de8a60ce357b36bfee923abcea29ede2906fa88cdc426d078e8fbb9b00efaa8",
                "sha256:6e53318801aed1abf4a41d94c4cea2b89749b706ed9a79599d69df5b70ffc175",
                "sha256:6fae8c918c9f66ccfa15a7bc3b92fb9e095302f8bb7789ee59eb05b7d8c618fa",
                "sha256:7a5fc9aead0fd4946607279ef34f379e312716abfae53e6fa6603ae3eec4308a",
                "sha256:82498737ef6c1ed6982b819eeac7fc241a581e7ac0eb73bea21bd4888e6e0530",
                "sha256:8c235432ddc354382ef9cce1e852d3c55ade84f661bcb617f2d095476d2927c4",
                "sha256:8c360dba39dce961d1e3b5af048612d17575f62abf889b9ddd74ab52d9026ed9",
                "sha256:914ae20e5f3574135ae270d69bd7e8cfdaacbfc561c47e587dee0dcbada3a3a2",
                "sha256:9162ebfca987ddf1dead8406e9b5bab3a68444b13fdd5aed9eca8bdec01a58f4",
                "sha256:99416866f7a8f6eb7bfb696eedb1153ef204a67a8ce18d8cddf0c93e16010d43",
                "sha256:99c794e427ff9cb50d7bd9ec52c4f1b89a8318f37b4ccbefdce446a7f4ec5f7c",
                "sha256:a1b2926be8aff7e641ab622991f77bb9c546268d416277b1fb5efd6305206e46",
                "sha256:adb7b6cf1bb6908cbe5b2e131e2cc22c707fbf0f9f0f27878494834683b997a2",
                "sha256:b20de0b3b796f2ff2dddf14aba911bc429911583b8bbbaee2976e7fce7a56d56",
                "sha256:c438452261daac308c0a19c7dfa46aeee1a93896611b483879865a0aa1615cc5",
                "sha256:c6de26d1e171cdc449745b82f1addbc873d105b8e7335097da991c0fc664a4a8",
                "sha256:d8a81a7d611936931145fa759cfacf99ff755d16e2d336677af439e128613da1",
                "sha256:db739c3323e4b5abd4778a2b3c73b7582c5ceadb40612e0dcc20fbc1abb538a3",
                "sha256:dd93e47651d7a7a63c32d0c8f5d6e6c50d99b7a0f2ef08a4237727d89dac8f4e",
                "sha256:ea876d43fdeefebf8afa18cd647efa7b930eb8a4719ebdb1a8106cc51c446437",
                "sha256:eeaf83db38425913283cf2db6caeb4c85911d3923615ea7d5b752e5ad49914ec",
                "sha256:ef1fb8ebbc0a0d1c92f6a2da4602e7ea10863fd546854d168c6638a0976e79fd",
                "sha256:f21caa2aae45ebfc420bc2631acf2c8de0e8384b14565c415c2fae9dc7aacdf9",
                "sha256:f90b14d3c833c3d588066fec3334d5c1648a7cfee4e279dc1e553ec13082559b",
                "sha256:fa1449e2a6cd96dfadf66530ba203fadfbcf54a4724628dac4104fc292b06477",
                "sha256:ff14210232acff8a236244551834e643484ff621638c74590aa0583d3c36cc31"
            ],
            "index": "pypi",
            "version": "==3.6.0"
        },
        "requests": {
            "hashes": [
                "sha256:7c5599b102feddaa661c826c56ab4fee28bfd17f5abca1ebbe3e7f19d7c97983",
                "sha256:8fefa2a1a1365bf5520aac41836fbee479da67864514bdb821f31ce07ce65349"
            ],
            "markers": "python_version >= '3.7' and python_version < '4'",
            "version": "==2.28.1"
        },
        "requests-oauthlib": {
            "hashes": [
                "sha256:2577c501a2fb8d05a304c09d090d6e47c306fef15809d102b327cf8364bddab5",
                "sha256:75beac4a47881eeb94d5ea5d6ad31ef88856affe2332b9aafb52c6452ccf0d7a"
            ],
            "markers": "python_version >= '2.7' and python_version not in '3.0, 3.1, 3.2, 3.3'",
            "version": "==1.3.1"
        },
        "six": {
            "hashes": [
                "sha256:1e61c37477a1626458e36f7b1d82aa5c9b094fa4802892072e49de9c60c4c926",
                "sha256:8abb2f1d86890a2dfb989f9a77cfcfd3e47c2a354b01111771326f8aa26e0254"
            ],
            "markers": "python_version >= '2.7' and python_version not in '3.0, 3.1, 3.2, 3.3'",
            "version": "==1.16.0"
        },
        "tweepy": {
            "hashes": [
                "sha256:12449b5ca16b0be6a3ea68fb41992627227b48bbad8cd7d5912039340d36badc",
                "sha256:f00ccf5f48c30d559ce0b750dfe3b2df6668dc799d8ce276fd90bfaa68845a58"
            ],
            "index": "pypi",
            "version": "==3.5.0"
        },
        "urllib3": {
            "hashes": [
                "sha256:47cc05d99aaa09c9e72ed5809b60e7ba354e64b59c9c173ac3018642d8bb41fc",
                "sha256:c083dd0dce68dbfbe1129d5271cb90f9447dea7d52097c6e0126120c521ddea8"
            ],
            "markers": "python_version >= '2.7' and python_version not in '3.0, 3.1, 3.2, 3.3, 3.4, 3.5'",
            "version": "==1.26.13"
        }
    },
    "develop": {}
}
